
Microsoft Visual Studio Solution File, Format Version 12.00
# Visual Studio Version 16
VisualStudioVersion = 16.0.31613.86
MinimumVisualStudioVersion = 10.0.40219.1
Project("{FAE04EC0-301F-11D3-BF4B-00C04F79EFBC}") = "testSerializacion", "testSerializacion\testSerializacion.csproj", "{CFF4026B-1E57-489E-88DC-31B19113F3B1}"
EndProject
Global
	GlobalSection(SolutionConfigurationPlatforms) = preSolution
		Debug|Any CPU = Debug|Any CPU
		Release|Any CPU = Release|Any CPU
	EndGlobalSection
	GlobalSection(ProjectConfigurationPlatforms) = postSolution
		{CFF4026B-1E57-489E-88DC-31B19113F3B1}.Debug|Any CPU.ActiveCfg = Debug|Any CPU
		{CFF4026B-1E57-489E-88DC-31B19113F3B1}.Debug|Any CPU.Build.0 = Debug|Any CPU
		{CFF4026B-1E57-489E-88DC-31B19113F3B1}.Release|Any CPU.ActiveCfg = Release|Any CPU
		{CFF4026B-1E57-489E-88DC-31B19113F3B1}.Release|Any CPU.Build.0 = Release|Any CPU
	EndGlobalSection
	GlobalSection(SolutionProperties) = preSolution
		HideSolutionNode = FALSE
	EndGlobalSection
	GlobalSection(ExtensibilityGlobals) = postSolution
		SolutionGuid = {267C65B8-49E7-4028-9EBA-7277706F1776}
	EndGlobalSection
EndGlobal
